
Microsoft Visual Studio Solution File, Format Version 12.00
# Visual Studio 15
VisualStudioVersion = 15.0.28307.902
MinimumVisualStudioVersion = 10.0.40219.1
Project("{FAE04EC0-301F-11D3-BF4B-00C04F79EFBC}") = "OmerKurtaran", "OmerKurtaran\OmerKurtaran.csproj", "{B24C3CE4-968F-46DE-B08B-932692AE90E8}"
EndProject
Global
	GlobalSection(SolutionConfigurationPlatforms) = preSolution
		Debug|Any CPU = Debug|Any CPU
		Release|Any CPU = Release|Any CPU
	EndGlobalSection
	GlobalSection(ProjectConfigurationPlatforms) = postSolution
		{B24C3CE4-968F-46DE-B08B-932692AE90E8}.Debug|Any CPU.ActiveCfg = Debug|Any CPU
		{B24C3CE4-968F-46DE-B08B-932692AE90E8}.Debug|Any CPU.Build.0 = Debug|Any CPU
		{B24C3CE4-968F-46DE-B08B-932692AE90E8}.Release|Any CPU.ActiveCfg = Release|Any CPU
		{B24C3CE4-968F-46DE-B08B-932692AE90E8}.Release|Any CPU.Build.0 = Release|Any CPU
	EndGlobalSection
	GlobalSection(SolutionProperties) = preSolution
		HideSolutionNode = FALSE
	EndGlobalSection
	GlobalSection(ExtensibilityGlobals) = postSolution
		SolutionGuid = {BD1299E0-67BA-45DE-B8EF-C16994FF7B4E}
	EndGlobalSection
EndGlobal
